<Solution>
  <Project Path="HorizonControlCenterBAL/HorizonControlCenterBAL.csproj" />
  <Project Path="HorizonControlCenterDAL/HorizonControlCenterDAL.csproj" />
  <Project Path="HorizonControlCenterModels/HorizonControlCenterModels.csproj" />
  <Project Path="HorizonControlCenterWebAPI/HorizonControlCenterWebAPI.csproj" />
</Solution>
